
Microsoft Visual Studio Solution File, Format Version 12.00
# Visual Studio 15
VisualStudioVersion = 15.0.28307.489
MinimumVisualStudioVersion = 10.0.40219.1
Project("{FAE04EC0-301F-11D3-BF4B-00C04F79EFBC}") = "Lab6Take2", "Lab6Take2\Lab6Take2.csproj", "{75628234-258D-4954-834E-6E1746A75C3F}"
EndProject
Global
	GlobalSection(SolutionConfigurationPlatforms) = preSolution
		Debug|Any CPU = Debug|Any CPU
		Release|Any CPU = Release|Any CPU
	EndGlobalSection
	GlobalSection(ProjectConfigurationPlatforms) = postSolution
		{75628234-258D-4954-834E-6E1746A75C3F}.Debug|Any CPU.ActiveCfg = Debug|Any CPU
		{75628234-258D-4954-834E-6E1746A75C3F}.Debug|Any CPU.Build.0 = Debug|Any CPU
		{75628234-258D-4954-834E-6E1746A75C3F}.Release|Any CPU.ActiveCfg = Release|Any CPU
		{75628234-258D-4954-834E-6E1746A75C3F}.Release|Any CPU.Build.0 = Release|Any CPU
	EndGlobalSection
	GlobalSection(SolutionProperties) = preSolution
		HideSolutionNode = FALSE
	EndGlobalSection
	GlobalSection(ExtensibilityGlobals) = postSolution
		SolutionGuid = {00F6AB5B-BB7D-4834-BA6E-6DA45F6F4EB6}
	EndGlobalSection
EndGlobal
